{
  "name": "coinboard",
  "version": "0.0.5",
  "lockfileVersion": 1,
  "requires": true,
  "dependencies": {
    "ansi-regex": {
      "version": "1.1.1",
      "resolved": "https://registry.npmjs.org/ansi-regex/-/ansi-regex-1.1.1.tgz",
      "integrity": "sha1-QchHGUZGN15qGl0Qw8oFTvn8mA0="
    },
    "ansi-styles": {
      "version": "2.2.1",
      "resolved": "https://registry.npmjs.org/ansi-styles/-/ansi-styles-2.2.1.tgz",
      "integrity": "sha1-tDLdM1i2NM914eRmQ2gkBTPB3b4="
    },
    "asciichart": {
      "version": "1.5.2",
      "resolved": "https://registry.npmjs.org/asciichart/-/asciichart-1.5.2.tgz",
      "integrity": "sha1-XPsA0QaWbayTQm48CZ3y2k42zKk="
    },
    "axios": {
      "version": "0.17.1",
      "resolved": "https://registry.npmjs.org/axios/-/axios-0.17.1.tgz",
      "integrity": "sha1-LY4+XQvb1zJ/kbyBT1xXZg+Bgk0=",
      "requires": {
        "follow-redirects": "1.2.5",
        "is-buffer": "1.1.6"
      }
    },
    "babel-runtime": {
      "version": "6.22.0",
      "resolved": "https://registry.npmjs.org/babel-runtime/-/babel-runtime-6.22.0.tgz",
      "integrity": "sha1-HPi0rGfHek3bDbKuH3TeUqxMphE=",
      "requires": {
        "core-js": "2.5.1",
        "regenerator-runtime": "0.10.5"
      }
    },
    "camel-case": {
      "version": "3.0.0",
      "resolved": "https://registry.npmjs.org/camel-case/-/camel-case-3.0.0.tgz",
      "integrity": "sha1-yjw2iKTpzzpM2nd9xNy8cTJJz3M=",
      "requires": {
        "no-case": "2.3.2",
        "upper-case": "1.1.3"
      }
    },
    "cfonts": {
      "version": "1.1.3",
      "resolved": "https://registry.npmjs.org/cfonts/-/cfonts-1.1.3.tgz",
      "integrity": "sha1-XZp6a/GgI/wtU12nJk6pDs2dv0g=",
      "requires": {
        "babel-runtime": "6.22.0",
        "chalk": "1.0.0",
        "change-case": "3.0.0",
        "commander": "2.9.0",
        "window-size": "0.3.0"
      },
      "dependencies": {
        "commander": {
          "version": "2.9.0",
          "resolved": "https://registry.npmjs.org/commander/-/commander-2.9.0.tgz",
          "integrity": "sha1-nJkJQXbhIkDLItbFFGCYQA/g99Q="
        }
      }
    },
    "chalk": {
      "version": "1.0.0",
      "resolved": "https://registry.npmjs.org/chalk/-/chalk-1.0.0.tgz",
      "integrity": "sha1-s89O0P9Tl8mcdbj2edsvUoMfltw=",
      "requires": {
        "ansi-styles": "2.2.1",
        "escape-string-regexp": "1.0.5",
        "has-ansi": "1.0.3",
        "strip-ansi": "2.0.1",
        "supports-color": "1.3.1"
      }
    },
    "change-case": {
      "version": "3.0.0",
      "resolved": "https://registry.npmjs.org/change-case/-/change-case-3.0.0.tgz",
      "integrity": "sha1-bJyONfh5CHCoK2sHRb6MPL75sIE=",
      "requires": {
        "camel-case": "3.0.0",
        "constant-case": "2.0.0",
        "dot-case": "2.1.1",
        "header-case": "1.0.1",
        "is-lower-case": "1.1.3",
        "is-upper-case": "1.1.2",
        "lower-case": "1.1.4",
        "lower-case-first": "1.0.2",
        "no-case": "2.3.2",
        "param-case": "2.1.1",
        "pascal-case": "2.0.1",
        "path-case": "2.1.1",
        "sentence-case": "2.1.1",
        "snake-case": "2.1.0",
        "swap-case": "1.1.2",
        "title-case": "2.1.1",
        "upper-case": "1.1.3",
        "upper-case-first": "1.1.2"
      }
    },
    "cli-cursor": {
      "version": "2.1.0",
      "resolved": "https://registry.npmjs.org/cli-cursor/-/cli-cursor-2.1.0.tgz",
      "integrity": "sha1-s12sN2R5+sw+lHR9QdDQ9SOP/LU=",
      "requires": {
        "restore-cursor": "2.0.0"
      }
    },
    "cli-spinners": {
      "version": "1.1.0",
      "resolved": "https://registry.npmjs.org/cli-spinners/-/cli-spinners-1.1.0.tgz",
      "integrity": "sha1-8YR7FohE2RemceudFH499JfJDQY="
    },
    "cli-table2": {
      "version": "0.2.0",
      "resolved": "https://registry.npmjs.org/cli-table2/-/cli-table2-0.2.0.tgz",
      "integrity": "sha1-LR738hig54biFFQFYtS9F3/jLZc=",
      "requires": {
        "colors": "1.1.2",
        "lodash": "3.10.1",
        "string-width": "1.0.2"
      },
      "dependencies": {
        "lodash": {
          "version": "3.10.1",
          "resolved": "https://registry.npmjs.org/lodash/-/lodash-3.10.1.tgz",
          "integrity": "sha1-W/Rejkm6QYnhfUgnid/RW9FAt7Y="
        }
      }
    },
    "code-point-at": {
      "version": "1.1.0",
      "resolved": "https://registry.npmjs.org/code-point-at/-/code-point-at-1.1.0.tgz",
      "integrity": "sha1-DQcLTQQ6W+ozovGkDi7bPZpMz3c="
    },
    "colors": {
      "version": "1.1.2",
      "resolved": "https://registry.npmjs.org/colors/-/colors-1.1.2.tgz",
      "integrity": "sha1-FopHAXVran9RoSzgyXv6KMCE7WM="
    },
    "commander": {
      "version": "2.11.0",
      "resolved": "https://registry.npmjs.org/commander/-/commander-2.11.0.tgz",
      "integrity": "sha512-b0553uYA5YAEGgyYIGYROzKQ7X5RAqedkfjiZxwi0kL1g3bOaBNNZfYkzt/CL0umgD5wc9Jec2FbB98CjkMRvQ=="
    },
    "constant-case": {
      "version": "2.0.0",
      "resolved": "https://registry.npmjs.org/constant-case/-/constant-case-2.0.0.tgz",
      "integrity": "sha1-QXV2TTidP6nI7NKRhu1gBSQ7akY=",
      "requires": {
        "snake-case": "2.1.0",
        "upper-case": "1.1.3"
      }
    },
    "core-js": {
      "version": "2.5.1",
      "resolved": "https://registry.npmjs.org/core-js/-/core-js-2.5.1.tgz",
      "integrity": "sha1-rmh03GaTd4m4B1T/VCjfZoGcpQs="
    },
    "debug": {
      "version": "2.6.9",
      "resolved": "https://registry.npmjs.org/debug/-/debug-2.6.9.tgz",
      "integrity": "sha512-bC7ElrdJaJnPbAP+1EotYvqZsb3ecl5wi6Bfi6BJTUcNowp6cvspg0jXznRTKDjm/E7AdgFBVeAPVMNcKGsHMA==",
      "requires": {
        "ms": "2.0.0"
      }
    },
    "dot-case": {
      "version": "2.1.1",
      "resolved": "https://registry.npmjs.org/dot-case/-/dot-case-2.1.1.tgz",
      "integrity": "sha1-NNzzf1Co6TwrO8qLt/uRVcfaO+4=",
      "requires": {
        "no-case": "2.3.2"
      }
    },
    "escape-string-regexp": {
      "version": "1.0.5",
      "resolved": "https://registry.npmjs.org/escape-string-regexp/-/escape-string-regexp-1.0.5.tgz",
      "integrity": "sha1-G2HAViGQqN/2rjuyzwIAyhMLhtQ="
    },
    "follow-redirects": {
      "version": "1.2.5",
      "resolved": "https://registry.npmjs.org/follow-redirects/-/follow-redirects-1.2.5.tgz",
      "integrity": "sha512-lMhwQTryFbG+wYsAIEKC1Kf5IGDlVNnONRogIBllh7LLoV7pNIxW0z9fhjRar9NBql+hd2Y49KboVVNxf6GEfg==",
      "requires": {
        "debug": "2.6.9"
      }
    },
    "get-stdin": {
      "version": "4.0.1",
      "resolved": "https://registry.npmjs.org/get-stdin/-/get-stdin-4.0.1.tgz",
      "integrity": "sha1-uWjGsKBDhDJJAui/Gl3zJXmkUP4="
    },
    "has-ansi": {
      "version": "1.0.3",
      "resolved": "https://registry.npmjs.org/has-ansi/-/has-ansi-1.0.3.tgz",
      "integrity": "sha1-wLWxYV2eOCsP9nFp2We0JeSMpTg=",
      "requires": {
        "ansi-regex": "1.1.1",
        "get-stdin": "4.0.1"
      }
    },
    "header-case": {
      "version": "1.0.1",
      "resolved": "https://registry.npmjs.org/header-case/-/header-case-1.0.1.tgz",
      "integrity": "sha1-lTWXMZfBRLCWE81l0xfvGZY70C0=",
      "requires": {
        "no-case": "2.3.2",
        "upper-case": "1.1.3"
      }
    },
    "is-buffer": {
      "version": "1.1.6",
      "resolved": "https://registry.npmjs.org/is-buffer/-/is-buffer-1.1.6.tgz",
      "integrity": "sha512-NcdALwpXkTm5Zvvbk7owOUSvVvBKDgKP5/ewfXEznmQFfs4ZRmanOeKBTjRVjka3QFoN6XJ+9F3USqfHqTaU5w=="
    },
    "is-fullwidth-code-point": {
      "version": "1.0.0",
      "resolved": "https://registry.npmjs.org/is-fullwidth-code-point/-/is-fullwidth-code-point-1.0.0.tgz",
      "integrity": "sha1-754xOG8DGn8NZDr4L95QxFfvAMs=",
      "requires": {
        "number-is-nan": "1.0.1"
      }
    },
    "is-lower-case": {
      "version": "1.1.3",
      "resolved": "https://registry.npmjs.org/is-lower-case/-/is-lower-case-1.1.3.tgz",
      "integrity": "sha1-fhR75HaNxGbbO/shzGCzHmrWk5M=",
      "requires": {
        "lower-case": "1.1.4"
      }
    },
    "is-upper-case": {
      "version": "1.1.2",
      "resolved": "https://registry.npmjs.org/is-upper-case/-/is-upper-case-1.1.2.tgz",
      "integrity": "sha1-jQsfp+eTOh5YSDYA7H2WYcuvdW8=",
      "requires": {
        "upper-case": "1.1.3"
      }
    },
    "lodash": {
      "version": "4.17.4",
      "resolved": "https://registry.npmjs.org/lodash/-/lodash-4.17.4.tgz",
      "integrity": "sha1-eCA6TRwyiuHYbcpkYONptX9AVa4="
    },
    "log-symbols": {
      "version": "1.0.2",
      "resolved": "https://registry.npmjs.org/log-symbols/-/log-symbols-1.0.2.tgz",
      "integrity": "sha1-N2/3tY6jCGoPCfrMdGF+ylAeGhg=",
      "requires": {
        "chalk": "1.0.0"
      }
    },
    "lower-case": {
      "version": "1.1.4",
      "resolved": "https://registry.npmjs.org/lower-case/-/lower-case-1.1.4.tgz",
      "integrity": "sha1-miyr0bno4K6ZOkv31YdcOcQujqw="
    },
    "lower-case-first": {
      "version": "1.0.2",
      "resolved": "https://registry.npmjs.org/lower-case-first/-/lower-case-first-1.0.2.tgz",
      "integrity": "sha1-5dp8JvKacHO+AtUrrJmA5ZIq36E=",
      "requires": {
        "lower-case": "1.1.4"
      }
    },
    "mimic-fn": {
      "version": "1.1.0",
      "resolved": "https://registry.npmjs.org/mimic-fn/-/mimic-fn-1.1.0.tgz",
      "integrity": "sha1-5md4PZLonb00KBi1IwudYqZyrRg="
    },
    "moment": {
      "version": "2.19.2",
      "resolved": "https://registry.npmjs.org/moment/-/moment-2.19.2.tgz",
      "integrity": "sha512-Rf6jiHPEfxp9+dlzxPTmRHbvoFXsh2L/U8hOupUMpnuecHQmI6cF6lUbJl3QqKPko1u6ujO+FxtcajLVfLpAtA=="
    },
    "ms": {
      "version": "2.0.0",
      "resolved": "https://registry.npmjs.org/ms/-/ms-2.0.0.tgz",
      "integrity": "sha1-VgiurfwAvmwpAd9fmGF4jeDVl8g="
    },
    "no-case": {
      "version": "2.3.2",
      "resolved": "https://registry.npmjs.org/no-case/-/no-case-2.3.2.tgz",
      "integrity": "sha512-rmTZ9kz+f3rCvK2TD1Ue/oZlns7OGoIWP4fc3llxxRXlOkHKoWPPWJOfFYpITabSow43QJbRIoHQXtt10VldyQ==",
      "requires": {
        "lower-case": "1.1.4"
      }
    },
    "number-is-nan": {
      "version": "1.0.1",
      "resolved": "https://registry.npmjs.org/number-is-nan/-/number-is-nan-1.0.1.tgz",
      "integrity": "sha1-CXtgK1NCKlIsGvuHkDGDNpQaAR0="
    },
    "onetime": {
      "version": "2.0.1",
      "resolved": "https://registry.npmjs.org/onetime/-/onetime-2.0.1.tgz",
      "integrity": "sha1-BnQoIw/WdEOyeUsiu6UotoZ5YtQ=",
      "requires": {
        "mimic-fn": "1.1.0"
      }
    },
    "ora": {
      "version": "1.3.0",
      "resolved": "https://registry.npmjs.org/ora/-/ora-1.3.0.tgz",
      "integrity": "sha1-gAeN0rkqk0r2ajrXKluRBpTt5Ro=",
      "requires": {
        "chalk": "1.1.3",
        "cli-cursor": "2.1.0",
        "cli-spinners": "1.1.0",
        "log-symbols": "1.0.2"
      },
      "dependencies": {
        "ansi-regex": {
          "version": "2.1.1",
          "resolved": "https://registry.npmjs.org/ansi-regex/-/ansi-regex-2.1.1.tgz",
          "integrity": "sha1-w7M6te42DYbg5ijwRorn7yfWVN8="
        },
        "chalk": {
          "version": "1.1.3",
          "resolved": "https://registry.npmjs.org/chalk/-/chalk-1.1.3.tgz",
          "integrity": "sha1-qBFcVeSnAv5NFQq9OHKCKn4J/Jg=",
          "requires": {
            "ansi-styles": "2.2.1",
            "escape-string-regexp": "1.0.5",
            "has-ansi": "2.0.0",
            "strip-ansi": "3.0.1",
            "supports-color": "2.0.0"
          }
        },
        "has-ansi": {
          "version": "2.0.0",
          "resolved": "https://registry.npmjs.org/has-ansi/-/has-ansi-2.0.0.tgz",
          "integrity": "sha1-NPUEnOHs3ysGSa8+8k5F7TVBbZE=",
          "requires": {
            "ansi-regex": "2.1.1"
          }
        },
        "strip-ansi": {
          "version": "3.0.1",
          "resolved": "https://registry.npmjs.org/strip-ansi/-/strip-ansi-3.0.1.tgz",
          "integrity": "sha1-ajhfuIU9lS1f8F0Oiq+UJ43GPc8=",
          "requires": {
            "ansi-regex": "2.1.1"
          }
        },
        "supports-color": {
          "version": "2.0.0",
          "resolved": "https://registry.npmjs.org/supports-color/-/supports-color-2.0.0.tgz",
          "integrity": "sha1-U10EXOa2Nj+kARcIRimZXp3zJMc="
        }
      }
    },
    "param-case": {
      "version": "2.1.1",
      "resolved": "https://registry.npmjs.org/param-case/-/param-case-2.1.1.tgz",
      "integrity": "sha1-35T9jPZTHs915r75oIWPvHK+Ikc=",
      "requires": {
        "no-case": "2.3.2"
      }
    },
    "pascal-case": {
      "version": "2.0.1",
      "resolved": "https://registry.npmjs.org/pascal-case/-/pascal-case-2.0.1.tgz",
      "integrity": "sha1-LVeNNFX2YNpl7KGO+VtODekSdh4=",
      "requires": {
        "camel-case": "3.0.0",
        "upper-case-first": "1.1.2"
      }
    },
    "path-case": {
      "version": "2.1.1",
      "resolved": "https://registry.npmjs.org/path-case/-/path-case-2.1.1.tgz",
      "integrity": "sha1-lLgDfDctP+KQbkZbtF4l0ibo7qU=",
      "requires": {
        "no-case": "2.3.2"
      }
    },
    "regenerator-runtime": {
      "version": "0.10.5",
      "resolved": "https://registry.npmjs.org/regenerator-runtime/-/regenerator-runtime-0.10.5.tgz",
      "integrity": "sha1-M2w+/BIgrc7dosn6tntaeVWjNlg="
    },
    "restore-cursor": {
      "version": "2.0.0",
      "resolved": "https://registry.npmjs.org/restore-cursor/-/restore-cursor-2.0.0.tgz",
      "integrity": "sha1-n37ih/gv0ybU/RYpI9YhKe7g368=",
      "requires": {
        "onetime": "2.0.1",
        "signal-exit": "3.0.2"
      }
    },
    "sentence-case": {
      "version": "2.1.1",
      "resolved": "https://registry.npmjs.org/sentence-case/-/sentence-case-2.1.1.tgz",
      "integrity": "sha1-H24t2jnBaL+S0T+G1KkYkz9mftQ=",
      "requires": {
        "no-case": "2.3.2",
        "upper-case-first": "1.1.2"
      }
    },
    "signal-exit": {
      "version": "3.0.2",
      "resolved": "https://registry.npmjs.org/signal-exit/-/signal-exit-3.0.2.tgz",
      "integrity": "sha1-tf3AjxKH6hF4Yo5BXiUTK3NkbG0="
    },
    "snake-case": {
      "version": "2.1.0",
      "resolved": "https://registry.npmjs.org/snake-case/-/snake-case-2.1.0.tgz",
      "integrity": "sha1-Qb2xtz8w7GagTU4srRt2OH1NbZ8=",
      "requires": {
        "no-case": "2.3.2"
      }
    },
    "string-width": {
      "version": "1.0.2",
      "resolved": "https://registry.npmjs.org/string-width/-/string-width-1.0.2.tgz",
      "integrity": "sha1-EYvfW4zcUaKn5w0hHgfisLmxB9M=",
      "requires": {
        "code-point-at": "1.1.0",
        "is-fullwidth-code-point": "1.0.0",
        "strip-ansi": "3.0.1"
      },
      "dependencies": {
        "ansi-regex": {
          "version": "2.1.1",
          "resolved": "https://registry.npmjs.org/ansi-regex/-/ansi-regex-2.1.1.tgz",
          "integrity": "sha1-w7M6te42DYbg5ijwRorn7yfWVN8="
        },
        "strip-ansi": {
          "version": "3.0.1",
          "resolved": "https://registry.npmjs.org/strip-ansi/-/strip-ansi-3.0.1.tgz",
          "integrity": "sha1-ajhfuIU9lS1f8F0Oiq+UJ43GPc8=",
          "requires": {
            "ansi-regex": "2.1.1"
          }
        }
      }
    },
    "strip-ansi": {
      "version": "2.0.1",
      "resolved": "https://registry.npmjs.org/strip-ansi/-/strip-ansi-2.0.1.tgz",
      "integrity": "sha1-32LBqpTtLxFOHQ8h/R1QSCt5pg4=",
      "requires": {
        "ansi-regex": "1.1.1"
      }
    },
    "supports-color": {
      "version": "1.3.1",
      "resolved": "https://registry.npmjs.org/supports-color/-/supports-color-1.3.1.tgz",
      "integrity": "sha1-FXWN8J2P87SswwdTn6vicJXhBC0="
    },
    "swap-case": {
      "version": "1.1.2",
      "resolved": "https://registry.npmjs.org/swap-case/-/swap-case-1.1.2.tgz",
      "integrity": "sha1-w5IDpFhzhfrTyFCgvRvK+ggZdOM=",
      "requires": {
        "lower-case": "1.1.4",
        "upper-case": "1.1.3"
      }
    },
    "title-case": {
      "version": "2.1.1",
      "resolved": "https://registry.npmjs.org/title-case/-/title-case-2.1.1.tgz",
      "integrity": "sha1-PhJyFtpY0rxb7PE3q5Ha46fNj6o=",
      "requires": {
        "no-case": "2.3.2",
        "upper-case": "1.1.3"
      }
    },
    "upper-case": {
      "version": "1.1.3",
      "resolved": "https://registry.npmjs.org/upper-case/-/upper-case-1.1.3.tgz",
      "integrity": "sha1-9rRQHC7EzdJrp4vnIilh3ndiFZg="
    },
    "upper-case-first": {
      "version": "1.1.2",
      "resolved": "https://registry.npmjs.org/upper-case-first/-/upper-case-first-1.1.2.tgz",
      "integrity": "sha1-XXm+3P8UQZUY/S7bCgUHybaFkRU=",
      "requires": {
        "upper-case": "1.1.3"
      }
    },
    "window-size": {
      "version": "0.3.0",
      "resolved": "https://registry.npmjs.org/window-size/-/window-size-0.3.0.tgz",
      "integrity": "sha1-uPC2bjJdIhYHUeSWM35EtFtydUY="
    }
  }
}
